
Microsoft Visual Studio Solution File, Format Version 12.00
# Visual Studio Version 17
VisualStudioVersion = 17.9.34622.214
MinimumVisualStudioVersion = 10.0.40219.1
Project("{8BC9CEB8-8B4A-11D0-8D11-00A0C91BC942}") = "Abyllos", "Abyllos\Abyllos.vcxproj", "{4723AC01-2419-4694-915E-008090FD6378}"
EndProject
Project("{8BC9CEB8-8B4A-11D0-8D11-00A0C91BC942}") = "ElderEngine", "ElderEngine\ElderEngine.vcxproj", "{9083BDAE-4B52-4BD4-93B8-2ED75A8CD12D}"
EndProject
Global
	GlobalSection(SolutionConfigurationPlatforms) = preSolution
		Debug|x64 = Debug|x64
		Release|x64 = Release|x64
	EndGlobalSection
	GlobalSection(ProjectConfigurationPlatforms) = postSolution
		{9083BDAE-4B52-4BD4-93B8-2ED75A8CD12D}.Debug|x64.ActiveCfg = Debug|x64
		{9083BDAE-4B52-4BD4-93B8-2ED75A8CD12D}.Debug|x64.Build.0 = Debug|x64
		{9083BDAE-4B52-4BD4-93B8-2ED75A8CD12D}.Release|x64.ActiveCfg = Release|x64
		{9083BDAE-4B52-4BD4-93B8-2ED75A8CD12D}.Release|x64.Build.0 = Release|x64
		{4723AC01-2419-4694-915E-008090FD6378}.Debug|x64.ActiveCfg = Debug|x64
		{4723AC01-2419-4694-915E-008090FD6378}.Debug|x64.Build.0 = Debug|x64
		{4723AC01-2419-4694-915E-008090FD6378}.Release|x64.ActiveCfg = Release|x64
		{4723AC01-2419-4694-915E-008090FD6378}.Release|x64.Build.0 = Release|x64
	EndGlobalSection
	GlobalSection(SolutionProperties) = preSolution
		HideSolutionNode = FALSE
	EndGlobalSection
	GlobalSection(ExtensibilityGlobals) = postSolution
		SolutionGuid = {3DEB9FAB-E86F-477C-B885-D6D2019D8CB3}
	EndGlobalSection
EndGlobal
